
Microsoft Visual Studio Solution File, Format Version 12.00
# Visual Studio 15
VisualStudioVersion = 15.0.26430.16
MinimumVisualStudioVersion = 10.0.40219.1
Project("{9A19103F-16F7-4668-BE54-9A1E7A4F7556}") = "BeautyfindV1.Repository", "BeautyfindV1.Repository\BeautyfindV1.Repository.csproj", "{56BE15D0-AF2F-42AD-A19E-AA7292D49544}"
EndProject
Project("{FAE04EC0-301F-11D3-BF4B-00C04F79EFBC}") = "BeautyfindV1.Service", "BeautyfindV1.Service\BeautyfindV1.Service.csproj", "{26D16DCF-FB48-4393-B91F-6E24A2275D45}"
EndProject
Project("{FAE04EC0-301F-11D3-BF4B-00C04F79EFBC}") = "BeautyfindV1.Domain", "BeautyfindV1.Domain\BeautyfindV1.Domain.csproj", "{734E70E5-CA65-4F5E-B864-034EE1498F60}"
EndProject
Project("{FAE04EC0-301F-11D3-BF4B-00C04F79EFBC}") = "Beautyfind.Presentation", "Beautyfind.Presentation\Beautyfind.Presentation.csproj", "{B026D456-B719-4215-A524-92A90B8639CF}"
EndProject
Project("{FAE04EC0-301F-11D3-BF4B-00C04F79EFBC}") = "BeautyfindV1.Tests", "BeautyfindV1.Tests\BeautyfindV1.Tests.csproj", "{E98CEB95-3C28-47B8-9E76-BD508F83137C}"
EndProject
Global
	GlobalSection(SolutionConfigurationPlatforms) = preSolution
		Debug|Any CPU = Debug|Any CPU
		Release|Any CPU = Release|Any CPU
	EndGlobalSection
	GlobalSection(ProjectConfigurationPlatforms) = postSolution
		{56BE15D0-AF2F-42AD-A19E-AA7292D49544}.Debug|Any CPU.ActiveCfg = Debug|Any CPU
		{56BE15D0-AF2F-42AD-A19E-AA7292D49544}.Debug|Any CPU.Build.0 = Debug|Any CPU
		{56BE15D0-AF2F-42AD-A19E-AA7292D49544}.Release|Any CPU.ActiveCfg = Release|Any CPU
		{56BE15D0-AF2F-42AD-A19E-AA7292D49544}.Release|Any CPU.Build.0 = Release|Any CPU
		{26D16DCF-FB48-4393-B91F-6E24A2275D45}.Debug|Any CPU.ActiveCfg = Debug|Any CPU
		{26D16DCF-FB48-4393-B91F-6E24A2275D45}.Debug|Any CPU.Build.0 = Debug|Any CPU
		{26D16DCF-FB48-4393-B91F-6E24A2275D45}.Release|Any CPU.ActiveCfg = Release|Any CPU
		{26D16DCF-FB48-4393-B91F-6E24A2275D45}.Release|Any CPU.Build.0 = Release|Any CPU
		{734E70E5-CA65-4F5E-B864-034EE1498F60}.Debug|Any CPU.ActiveCfg = Debug|Any CPU
		{734E70E5-CA65-4F5E-B864-034EE1498F60}.Debug|Any CPU.Build.0 = Debug|Any CPU
		{734E70E5-CA65-4F5E-B864-034EE1498F60}.Release|Any CPU.ActiveCfg = Release|Any CPU
		{734E70E5-CA65-4F5E-B864-034EE1498F60}.Release|Any CPU.Build.0 = Release|Any CPU
		{B026D456-B719-4215-A524-92A90B8639CF}.Debug|Any CPU.ActiveCfg = Debug|Any CPU
		{B026D456-B719-4215-A524-92A90B8639CF}.Debug|Any CPU.Build.0 = Debug|Any CPU
		{B026D456-B719-4215-A524-92A90B8639CF}.Release|Any CPU.ActiveCfg = Release|Any CPU
		{B026D456-B719-4215-A524-92A90B8639CF}.Release|Any CPU.Build.0 = Release|Any CPU
		{E98CEB95-3C28-47B8-9E76-BD508F83137C}.Debug|Any CPU.ActiveCfg = Debug|Any CPU
		{E98CEB95-3C28-47B8-9E76-BD508F83137C}.Debug|Any CPU.Build.0 = Debug|Any CPU
		{E98CEB95-3C28-47B8-9E76-BD508F83137C}.Release|Any CPU.ActiveCfg = Release|Any CPU
		{E98CEB95-3C28-47B8-9E76-BD508F83137C}.Release|Any CPU.Build.0 = Release|Any CPU
	EndGlobalSection
	GlobalSection(SolutionProperties) = preSolution
		HideSolutionNode = FALSE
	EndGlobalSection
EndGlobal
